// !$*UTF8*$!
{
	archiveVersion = 1;
	classes = {
	};
	objectVersion = 46;
	objects = {

/* Begin PBXBuildFile section */
		85F8F1E41A52C39900047B9B /* AppDelegate.swift in Sources */ = {isa = PBXBuildFile; fileRef = 85F8F1E31A52C39900047B9B /* AppDelegate.swift */; };
		85F8F1E61A52C39900047B9B /* ViewController.swift in Sources */ = {isa = PBXBuildFile; fileRef = 85F8F1E51A52C39900047B9B /* ViewController.swift */; };
		85F8F1E91A52C39900047B9B /* Main.storyboard in Resources */ = {isa = PBXBuildFile; fileRef = 85F8F1E71A52C39900047B9B /* Main.storyboard */; };
		85F8F1EB1A52C39900047B9B /* Images.xcassets in Resources */ = {isa = PBXBuildFile; fileRef = 85F8F1EA1A52C39900047B9B /* Images.xcassets */; };
		85F8F1EE1A52C39900047B9B /* LaunchScreen.xib in Resources */ = {isa = PBXBuildFile; fileRef = 85F8F1EC1A52C39900047B9B /* LaunchScreen.xib */; };
		85F8F1FA1A52C39900047B9B /* _1_CoreLocationTests.swift in Sources */ = {isa = PBXBuildFile; fileRef = 85F8F1F91A52C39900047B9B /* _1_CoreLocationTests.swift */; };
		85F8F2041A52C61C00047B9B /* CoreLocation.framework in Frameworks */ = {isa = PBXBuildFile; fileRef = 85F8F2031A52C61C00047B9B /* CoreLocation.framework */; };
/* End PBXBuildFile section */

/* Begin PBXContainerItemProxy section */
		85F8F1F41A52C39900047B9B /* PBXContainerItemProxy */ = {
			isa = PBXContainerItemProxy;
			containerPortal = 85F8F1D61A52C39900047B9B /* Project object */;
			proxyType = 1;
			remoteGlobalIDString = 85F8F1DD1A52C39900047B9B;
			remoteInfo = "01-CoreLocation";
		};
/* End PBXContainerItemProxy section */

/* Begin PBXFileReference section */
		85F8F1DE1A52C39900047B9B /* 01-CoreLocation.app */ = {isa = PBXFileReference; explicitFileType = wrapper.application; includeInIndex = 0; path = "01-CoreLocation.app"; sourceTree = BUILT_PRODUCTS_DIR; };
		85F8F1E21A52C39900047B9B /* Info.plist */ = {isa = PBXFileReference; lastKnownFileType = text.plist.xml; path = Info.plist; sourceTree = "<group>"; };
		85F8F1E31A52C39900047B9B /* AppDelegate.swift */ = {isa = PBXFileReference; lastKnownFileType = sourcecode.swift; path = AppDelegate.swift; sourceTree = "<group>"; };
		85F8F1E51A52C39900047B9B /* ViewController.swift */ = {isa = PBXFileReference; lastKnownFileType = sourcecode.swift; path = ViewController.swift; sourceTree = "<group>"; };
		85F8F1E81A52C39900047B9B /* Base */ = {isa = PBXFileReference; lastKnownFileType = file.storyboard; name = Base; path = Base.lproj/Main.storyboard; sourceTree = "<group>"; };
		85F8F1EA1A52C39900047B9B /* Images.xcassets */ = {isa = PBXFileReference; lastKnownFileType = folder.assetcatalog; path = Images.xcassets; sourceTree = "<group>"; };
		85F8F1ED1A52C39900047B9B /* Base */ = {isa = PBXFileReference; lastKnownFileType = file.xib; name = Base; path = Base.lproj/LaunchScreen.xib; sourceTree = "<group>"; };
		85F8F1F31A52C39900047B9B /* 01-CoreLocationTests.xctest */ = {isa = PBXFileReference; explicitFileType = wrapper.cfbundle; includeInIndex = 0; path = "01-CoreLocationTests.xctest"; sourceTree = BUILT_PRODUCTS_DIR; };
		85F8F1F81A52C39900047B9B /* Info.plist */ = {isa = PBXFileReference; lastKnownFileType = text.plist.xml; path = Info.plist; sourceTree = "<group>"; };
		85F8F1F91A52C39900047B9B /* _1_CoreLocationTests.swift */ = {isa = PBXFileReference; lastKnownFileType = sourcecode.swift; path = _1_CoreLocationTests.swift; sourceTree = "<group>"; };
		85F8F2031A52C61C00047B9B /* CoreLocation.framework */ = {isa = PBXFileReference; lastKnownFileType = wrapper.framework; name = CoreLocation.framework; path = System/Library/Frameworks/CoreLocation.framework; sourceTree = SDKROOT; };
/* End PBXFileReference section */

/* Begin PBXFrameworksBuildPhase section */
		85F8F1DB1A52C39900047B9B /* Frameworks */ = {
			isa = PBXFrameworksBuildPhase;
			buildActionMask = 2147483647;
			files = (
				85F8F2041A52C61C00047B9B /* CoreLocation.framework in Frameworks */,
			);
			runOnlyForDeploymentPostprocessing = 0;
		};
		85F8F1F01A52C39900047B9B /* Frameworks */ = {
			isa = PBXFrameworksBuildPhase;
			buildActionMask = 2147483647;
			files = (
			);
			runOnlyForDeploymentPostprocessing = 0;
		};
/* End PBXFrameworksBuildPhase section */

/* Begin PBXGroup section */
		85F8F1D51A52C39900047B9B = {
			isa = PBXGroup;
			children = (
				85F8F2031A52C61C00047B9B /* CoreLocation.framework */,
				85F8F1E01A52C39900047B9B /* 01-CoreLocation */,
				85F8F1F61A52C39900047B9B /* 01-CoreLocationTests */,
				85F8F1DF1A52C39900047B9B /* Products */,
			);
			sourceTree = "<group>";
		};
		85F8F1DF1A52C39900047B9B /* Products */ = {
			isa = PBXGroup;
			children = (
				85F8F1DE1A52C39900047B9B /* 01-CoreLocation.app */,
				85F8F1F31A52C39900047B9B /* 01-CoreLocationTests.xctest */,
			);
			name = Products;
			sourceTree = "<group>";
		};
		85F8F1E01A52C39900047B9B /* 01-CoreLocation */ = {
			isa = PBXGroup;
			children = (
				85F8F1E31A52C39900047B9B /* AppDelegate.swift */,
				85F8F1E51A52C39900047B9B /* ViewController.swift */,
				85F8F1E71A52C39900047B9B /* Main.storyboard */,
				85F8F1EA1A52C39900047B9B /* Images.xcassets */,
				85F8F1EC1A52C39900047B9B /* LaunchScreen.xib */,
				85F8F1E11A52C39900047B9B /* Supporting Files */,
			);
			path = "01-CoreLocation";
			sourceTree = "<group>";
		};
		85F8F1E11A52C39900047B9B /* Supporting Files */ = {
			isa = PBXGroup;
			children = (
				85F8F1E21A52C39900047B9B /* Info.plist */,
			);
			name = "Supporting Files";
			sourceTree = "<group>";
		};
		85F8F1F61A52C39900047B9B /* 01-CoreLocationTests */ = {
			isa = PBXGroup;
			children = (
				85F8F1F91A52C39900047B9B /* _1_CoreLocationTests.swift */,
				85F8F1F71A52C39900047B9B /* Supporting Files */,
			);
			path = "01-CoreLocationTests";
			sourceTree = "<group>";
		};
		85F8F1F71A52C39900047B9B /* Supporting Files */ = {
			isa = PBXGroup;
			children = (
				85F8F1F81A52C39900047B9B /* Info.plist */,
			);
			name = "Supporting Files";
			sourceTree = "<group>";
		};
/* End PBXGroup section */

/* Begin PBXNativeTarget section */
		85F8F1DD1A52C39900047B9B /* 01-CoreLocation */ = {
			isa = PBXNativeTarget;
			buildConfigurationList = 85F8F1FD1A52C39900047B9B /* Build configuration list for PBXNativeTarget "01-CoreLocation" */;
			buildPhases = (
				85F8F1DA1A52C39900047B9B /* Sources */,
				85F8F1DB1A52C39900047B9B /* Frameworks */,
				85F8F1DC1A52C39900047B9B /* Resources */,
			);
			buildRules = (
			);
			dependencies = (
			);
			name = "01-CoreLocation";
			productName = "01-CoreLocation";
			productReference = 85F8F1DE1A52C39900047B9B /* 01-CoreLocation.app */;
			productType = "com.apple.product-type.application";
		};
		85F8F1F21A52C39900047B9B /* 01-CoreLocationTests */ = {
			isa = PBXNativeTarget;
			buildConfigurationList = 85F8F2001A52C39900047B9B /* Build configuration list for PBXNativeTarget "01-CoreLocationTests" */;
			buildPhases = (
				85F8F1EF1A52C39900047B9B /* Sources */,
				85F8F1F01A52C39900047B9B /* Frameworks */,
				85F8F1F11A52C39900047B9B /* Resources */,
			);
			buildRules = (
			);
			dependencies = (
				85F8F1F51A52C39900047B9B /* PBXTargetDependency */,
			);
			name = "01-CoreLocationTests";
			productName = "01-CoreLocationTests";
			productReference = 85F8F1F31A52C39900047B9B /* 01-CoreLocationTests.xctest */;
			productType = "com.apple.product-type.bundle.unit-test";
		};
/* End PBXNativeTarget section */

/* Begin PBXProject section */
		85F8F1D61A52C39900047B9B /* Project object */ = {
			isa = PBXProject;
			attributes = {
				LastUpgradeCheck = 0610;
				ORGANIZATIONNAME = Edenco;
				TargetAttributes = {
					85F8F1DD1A52C39900047B9B = {
						CreatedOnToolsVersion = 6.1.1;
					};
					85F8F1F21A52C39900047B9B = {
						CreatedOnToolsVersion = 6.1.1;
						TestTargetID = 85F8F1DD1A52C39900047B9B;
					};
				};
			};
			buildConfigurationList = 85F8F1D91A52C39900047B9B /* Build configuration list for PBXProject "01-CoreLocation" */;
			compatibilityVersion = "Xcode 3.2";
			developmentRegion = English;
			hasScannedForEncodings = 0;
			knownRegions = (
				en,
				Base,
			);
			mainGroup = 85F8F1D51A52C39900047B9B;
			productRefGroup = 85F8F1DF1A52C39900047B9B /* Products */;
			projectDirPath = "";
			projectRoot = "";
			targets = (
				85F8F1DD1A52C39900047B9B /* 01-CoreLocation */,
				85F8F1F21A52C39900047B9B /* 01-CoreLocationTests */,
			);
		};
/* End PBXProject section */

/* Begin PBXResourcesBuildPhase section */
		85F8F1DC1A52C39900047B9B /* Resources */ = {
			isa = PBXResourcesBuildPhase;
			buildActionMask = 2147483647;
			files = (
				85F8F1E91A52C39900047B9B /* Main.storyboard in Resources */,
				85F8F1EE1A52C39900047B9B /* LaunchScreen.xib in Resources */,
				85F8F1EB1A52C39900047B9B /* Images.xcassets in Resources */,
			);
			runOnlyForDeploymentPostprocessing = 0;
		};
		85F8F1F11A52C39900047B9B /* Resources */ = {
			isa = PBXResourcesBuildPhase;
			buildActionMask = 2147483647;
			files = (
			);
			runOnlyForDeploymentPostprocessing = 0;
		};
/* End PBXResourcesBuildPhase section */

/* Begin PBXSourcesBuildPhase section */
		85F8F1DA1A52C39900047B9B /* Sources */ = {
			isa = PBXSourcesBuildPhase;
			buildActionMask = 2147483647;
			files = (
				85F8F1E61A52C39900047B9B /* ViewController.swift in Sources */,
				85F8F1E41A52C39900047B9B /* AppDelegate.swift in Sources */,
			);
			runOnlyForDeploymentPostprocessing = 0;
		};
		85F8F1EF1A52C39900047B9B /* Sources */ = {
			isa = PBXSourcesBuildPhase;
			buildActionMask = 2147483647;
			files = (
				85F8F1FA1A52C39900047B9B /* _1_CoreLocationTests.swift in Sources */,
			);
			runOnlyForDeploymentPostprocessing = 0;
		};
/* End PBXSourcesBuildPhase section */

/* Begin PBXTargetDependency section */
		85F8F1F51A52C39900047B9B /* PBXTargetDependency */ = {
			isa = PBXTargetDependency;
			target = 85F8F1DD1A52C39900047B9B /* 01-CoreLocation */;
			targetProxy = 85F8F1F41A52C39900047B9B /* PBXContainerItemProxy */;
		};
/* End PBXTargetDependency section */

/* Begin PBXVariantGroup section */
		85F8F1E71A52C39900047B9B /* Main.storyboard */ = {
			isa = PBXVariantGroup;
			children = (
				85F8F1E81A52C39900047B9B /* Base */,
			);
			name = Main.storyboard;
			sourceTree = "<group>";
		};
		85F8F1EC1A52C39900047B9B /* LaunchScreen.xib */ = {
			isa = PBXVariantGroup;
			children = (
				85F8F1ED1A52C39900047B9B /* Base */,
			);
			name = LaunchScreen.xib;
			sourceTree = "<group>";
		};
/* End PBXVariantGroup section */

/* Begin XCBuildConfiguration section */
		85F8F1FB1A52C39900047B9B /* Debug */ = {
			isa = XCBuildConfiguration;
			buildSettings = {
				ALWAYS_SEARCH_USER_PATHS = NO;
				CLANG_CXX_LANGUAGE_STANDARD = "gnu++0x";
				CLANG_CXX_LIBRARY = "libc++";
				CLANG_ENABLE_MODULES = YES;
				CLANG_ENABLE_OBJC_ARC = YES;
				CLANG_WARN_BOOL_CONVERSION = YES;
				CLANG_WARN_CONSTANT_CONVERSION = YES;
				CLANG_WARN_DIRECT_OBJC_ISA_USAGE = YES_ERROR;
				CLANG_WARN_EMPTY_BODY = YES;
				CLANG_WARN_ENUM_CONVERSION = YES;
				CLANG_WARN_INT_CONVERSION = YES;
				CLANG_WARN_OBJC_ROOT_CLASS = YES_ERROR;
				CLANG_WARN_UNREACHABLE_CODE = YES;
				CLANG_WARN__DUPLICATE_METHOD_MATCH = YES;
				"CODE_SIGN_IDENTITY[sdk=iphoneos*]" = "iPhone Developer";
				COPY_PHASE_STRIP = NO;
				ENABLE_STRICT_OBJC_MSGSEND = YES;
				GCC_C_LANGUAGE_STANDARD = gnu99;
				GCC_DYNAMIC_NO_PIC = NO;
				GCC_OPTIMIZATION_LEVEL = 0;
				GCC_PREPROCESSOR_DEFINITIONS = (
					"DEBUG=1",
					"$(inherited)",
				);
				GCC_SYMBOLS_PRIVATE_EXTERN = NO;
				GCC_WARN_64_TO_32_BIT_CONVERSION = YES;
				GCC_WARN_ABOUT_RETURN_TYPE = YES_ERROR;
				GCC_WARN_UNDECLARED_SELECTOR = YES;
				GCC_WARN_UNINITIALIZED_AUTOS = YES_AGGRESSIVE;
				GCC_WARN_UNUSED_FUNCTION = YES;
				GCC_WARN_UNUSED_VARIABLE = YES;
				IPHONEOS_DEPLOYMENT_TARGET = 8.1;
				MTL_ENABLE_DEBUG_INFO = YES;
				ONLY_ACTIVE_ARCH = YES;
				SDKROOT = iphoneos;
				SWIFT_OPTIMIZATION_LEVEL = "-Onone";
			};
			name = Debug;
		};
		85F8F1FC1A52C39900047B9B /* Release */ = {
			isa = XCBuildConfiguration;
			buildSettings = {
				ALWAYS_SEARCH_USER_PATHS = NO;
				CLANG_CXX_LANGUAGE_STANDARD = "gnu++0x";
				CLANG_CXX_LIBRARY = "libc++";
				CLANG_ENABLE_MODULES = YES;
				CLANG_ENABLE_OBJC_ARC = YES;
				CLANG_WARN_BOOL_CONVERSION = YES;
				CLANG_WARN_CONSTANT_CONVERSION = YES;
				CLANG_WARN_DIRECT_OBJC_ISA_USAGE = YES_ERROR;
				CLANG_WARN_EMPTY_BODY = YES;
				CLANG_WARN_ENUM_CONVERSION = YES;
				CLANG_WARN_INT_CONVERSION = YES;
				CLANG_WARN_OBJC_ROOT_CLASS = YES_ERROR;
				CLANG_WARN_UNREACHABLE_CODE = YES;
				CLANG_WARN__DUPLICATE_METHOD_MATCH = YES;
				"CODE_SIGN_IDENTITY[sdk=iphoneos*]" = "iPhone Developer";
				COPY_PHASE_STRIP = YES;
				ENABLE_NS_ASSERTIONS = NO;
				ENABLE_STRICT_OBJC_MSGSEND = YES;
				GCC_C_LANGUAGE_STANDARD = gnu99;
				GCC_WARN_64_TO_32_BIT_CONVERSION = YES;
				GCC_WARN_ABOUT_RETURN_TYPE = YES_ERROR;
				GCC_WARN_UNDECLARED_SELECTOR = YES;
				GCC_WARN_UNINITIALIZED_AUTOS = YES_AGGRESSIVE;
				GCC_WARN_UNUSED_FUNCTION = YES;
				GCC_WARN_UNUSED_VARIABLE = YES;
				IPHONEOS_DEPLOYMENT_TARGET = 8.1;
				MTL_ENABLE_DEBUG_INFO = NO;
				SDKROOT = iphoneos;
				VALIDATE_PRODUCT = YES;
			};
			name = Release;
		};
		85F8F1FE1A52C39900047B9B /* Debug */ = {
			isa = XCBuildConfiguration;
			buildSettings = {
				ASSETCATALOG_COMPILER_APPICON_NAME = AppIcon;
				INFOPLIST_FILE = "01-CoreLocation/Info.plist";
				LD_RUNPATH_SEARCH_PATHS = "$(inherited) @executable_path/Frameworks";
				PRODUCT_NAME = "$(TARGET_NAME)";
			};
			name = Debug;
		};
		85F8F1FF1A52C39900047B9B /* Release */ = {
			isa = XCBuildConfiguration;
			buildSettings = {
				ASSETCATALOG_COMPILER_APPICON_NAME = AppIcon;
				INFOPLIST_FILE = "01-CoreLocation/Info.plist";
				LD_RUNPATH_SEARCH_PATHS = "$(inherited) @executable_path/Frameworks";
				PRODUCT_NAME = "$(TARGET_NAME)";
			};
			name = Release;
		};
		85F8F2011A52C39900047B9B /* Debug */ = {
			isa = XCBuildConfiguration;
			buildSettings = {
				BUNDLE_LOADER = "$(TEST_HOST)";
				FRAMEWORK_SEARCH_PATHS = (
					"$(SDKROOT)/Developer/Library/Frameworks",
					"$(inherited)",
				);
				GCC_PREPROCESSOR_DEFINITIONS = (
					"DEBUG=1",
					"$(inherited)",
				);
				INFOPLIST_FILE = "01-CoreLocationTests/Info.plist";
				LD_RUNPATH_SEARCH_PATHS = "$(inherited) @executable_path/Frameworks @loader_path/Frameworks";
				PRODUCT_NAME = "$(TARGET_NAME)";
				TEST_HOST = "$(BUILT_PRODUCTS_DIR)/01-CoreLocation.app/01-CoreLocation";
			};
			name = Debug;
		};
		85F8F2021A52C39900047B9B /* Release */ = {
			isa = XCBuildConfiguration;
			buildSettings = {
				BUNDLE_LOADER = "$(TEST_HOST)";
				FRAMEWORK_SEARCH_PATHS = (
					"$(SDKROOT)/Developer/Library/Frameworks",
					"$(inherited)",
				);
				INFOPLIST_FILE = "01-CoreLocationTests/Info.plist";
				LD_RUNPATH_SEARCH_PATHS = "$(inherited) @executable_path/Frameworks @loader_path/Frameworks";
				PRODUCT_NAME = "$(TARGET_NAME)";
				TEST_HOST = "$(BUILT_PRODUCTS_DIR)/01-CoreLocation.app/01-CoreLocation";
			};
			name = Release;
		};
/* End XCBuildConfiguration section */

/* Begin XCConfigurationList section */
		85F8F1D91A52C39900047B9B /* Build configuration list for PBXProject "01-CoreLocation" */ = {
			isa = XCConfigurationList;
			buildConfigurations = (
				85F8F1FB1A52C39900047B9B /* Debug */,
				85F8F1FC1A52C39900047B9B /* Release */,
			);
			defaultConfigurationIsVisible = 0;
			defaultConfigurationName = Release;
		};
		85F8F1FD1A52C39900047B9B /* Build configuration list for PBXNativeTarget "01-CoreLocation" */ = {
			isa = XCConfigurationList;
			buildConfigurations = (
				85F8F1FE1A52C39900047B9B /* Debug */,
				85F8F1FF1A52C39900047B9B /* Release */,
			);
			defaultConfigurationIsVisible = 0;
		};
		85F8F2001A52C39900047B9B /* Build configuration list for PBXNativeTarget "01-CoreLocationTests" */ = {
			isa = XCConfigurationList;
			buildConfigurations = (
				85F8F2011A52C39900047B9B /* Debug */,
				85F8F2021A52C39900047B9B /* Release */,
			);
			defaultConfigurationIsVisible = 0;
		};
/* End XCConfigurationList section */
	};
	rootObject = 85F8F1D61A52C39900047B9B /* Project object */;
}
